
Microsoft Visual Studio Solution File, Format Version 12.00
# Visual Studio 2013
VisualStudioVersion = 12.0.31101.0
MinimumVisualStudioVersion = 10.0.40219.1
Project("{8BC9CEB8-8B4A-11D0-8D11-00A0C91BC942}") = "FFD", "FFD\FFD.vcxproj", "{A01E7D56-CBB5-477E-A437-E917F9F59408}"
EndProject
Global
	GlobalSection(TeamFoundationVersionControl) = preSolution
		SccNumberOfProjects = 2
		SccEnterpriseProvider = {4CA58AB2-18FA-4F8D-95D4-32DDF27D184C}
		SccTeamFoundationServer = https://twang006.visualstudio.com/defaultcollection
		SccLocalPath0 = .
		SccProjectUniqueName1 = FFD\\FFD.vcxproj
		SccProjectName1 = FFD
		SccLocalPath1 = FFD
	EndGlobalSection
	GlobalSection(SolutionConfigurationPlatforms) = preSolution
		Debug|Win32 = Debug|Win32
		Release|Win32 = Release|Win32
	EndGlobalSection
	GlobalSection(ProjectConfigurationPlatforms) = postSolution
		{A01E7D56-CBB5-477E-A437-E917F9F59408}.Debug|Win32.ActiveCfg = Debug|Win32
		{A01E7D56-CBB5-477E-A437-E917F9F59408}.Debug|Win32.Build.0 = Debug|Win32
		{A01E7D56-CBB5-477E-A437-E917F9F59408}.Release|Win32.ActiveCfg = Release|Win32
		{A01E7D56-CBB5-477E-A437-E917F9F59408}.Release|Win32.Build.0 = Release|Win32
	EndGlobalSection
	GlobalSection(SolutionProperties) = preSolution
		HideSolutionNode = FALSE
	EndGlobalSection
EndGlobal
